
Microsoft Visual Studio Solution File, Format Version 12.00
# Visual Studio Version 17
VisualStudioVersion = 17.6.33829.357
MinimumVisualStudioVersion = 10.0.40219.1
Project("{FAE04EC0-301F-11D3-BF4B-00C04F79EFBC}") = "StateDesignDemo", "StateDesignDemo.csproj", "{CE751DF3-2246-471C-90F1-144A81C689A8}"
EndProject
Global
	GlobalSection(SolutionConfigurationPlatforms) = preSolution
		Debug|Any CPU = Debug|Any CPU
		Release|Any CPU = Release|Any CPU
	EndGlobalSection
	GlobalSection(ProjectConfigurationPlatforms) = postSolution
		{CE751DF3-2246-471C-90F1-144A81C689A8}.Debug|Any CPU.ActiveCfg = Debug|Any CPU
		{CE751DF3-2246-471C-90F1-144A81C689A8}.Debug|Any CPU.Build.0 = Debug|Any CPU
		{CE751DF3-2246-471C-90F1-144A81C689A8}.Release|Any CPU.ActiveCfg = Release|Any CPU
		{CE751DF3-2246-471C-90F1-144A81C689A8}.Release|Any CPU.Build.0 = Release|Any CPU
	EndGlobalSection
	GlobalSection(SolutionProperties) = preSolution
		HideSolutionNode = FALSE
	EndGlobalSection
	GlobalSection(ExtensibilityGlobals) = postSolution
		SolutionGuid = {7C2B17F6-BA19-44F4-8C8F-848BC5E80069}
	EndGlobalSection
EndGlobal
